
Microsoft Visual Studio Solution File, Format Version 12.00
# Visual Studio 15
VisualStudioVersion = 15.0.26124.0
MinimumVisualStudioVersion = 15.0.26124.0
Project("{FAE04EC0-301F-11D3-BF4B-00C04F79EFBC}") = "TestableSample3.App", "TestableSample3.App\TestableSample3.App.csproj", "{DDAB1DFF-7716-4DBF-BF44-CCA847284FE3}"
EndProject
Project("{FAE04EC0-301F-11D3-BF4B-00C04F79EFBC}") = "TestableSample3.Lib", "TestableSample3.Lib\TestableSample3.Lib.csproj", "{C51ACE88-2DA9-4FE5-B108-A1890CE9C0FE}"
EndProject
Project("{FAE04EC0-301F-11D3-BF4B-00C04F79EFBC}") = "TestableSample3.Test", "TestableSample3.Test\TestableSample3.Test.csproj", "{71358430-2E58-446E-81B1-883934350AB8}"
EndProject
Global
	GlobalSection(SolutionConfigurationPlatforms) = preSolution
		Debug|Any CPU = Debug|Any CPU
		Debug|x64 = Debug|x64
		Debug|x86 = Debug|x86
		Release|Any CPU = Release|Any CPU
		Release|x64 = Release|x64
		Release|x86 = Release|x86
	EndGlobalSection
	GlobalSection(SolutionProperties) = preSolution
		HideSolutionNode = FALSE
	EndGlobalSection
	GlobalSection(ProjectConfigurationPlatforms) = postSolution
		{DDAB1DFF-7716-4DBF-BF44-CCA847284FE3}.Debug|Any CPU.ActiveCfg = Debug|Any CPU
		{DDAB1DFF-7716-4DBF-BF44-CCA847284FE3}.Debug|Any CPU.Build.0 = Debug|Any CPU
		{DDAB1DFF-7716-4DBF-BF44-CCA847284FE3}.Debug|x64.ActiveCfg = Debug|Any CPU
		{DDAB1DFF-7716-4DBF-BF44-CCA847284FE3}.Debug|x64.Build.0 = Debug|Any CPU
		{DDAB1DFF-7716-4DBF-BF44-CCA847284FE3}.Debug|x86.ActiveCfg = Debug|Any CPU
		{DDAB1DFF-7716-4DBF-BF44-CCA847284FE3}.Debug|x86.Build.0 = Debug|Any CPU
		{DDAB1DFF-7716-4DBF-BF44-CCA847284FE3}.Release|Any CPU.ActiveCfg = Release|Any CPU
		{DDAB1DFF-7716-4DBF-BF44-CCA847284FE3}.Release|Any CPU.Build.0 = Release|Any CPU
		{DDAB1DFF-7716-4DBF-BF44-CCA847284FE3}.Release|x64.ActiveCfg = Release|Any CPU
		{DDAB1DFF-7716-4DBF-BF44-CCA847284FE3}.Release|x64.Build.0 = Release|Any CPU
		{DDAB1DFF-7716-4DBF-BF44-CCA847284FE3}.Release|x86.ActiveCfg = Release|Any CPU
		{DDAB1DFF-7716-4DBF-BF44-CCA847284FE3}.Release|x86.Build.0 = Release|Any CPU
		{C51ACE88-2DA9-4FE5-B108-A1890CE9C0FE}.Debug|Any CPU.ActiveCfg = Debug|Any CPU
		{C51ACE88-2DA9-4FE5-B108-A1890CE9C0FE}.Debug|Any CPU.Build.0 = Debug|Any CPU
		{C51ACE88-2DA9-4FE5-B108-A1890CE9C0FE}.Debug|x64.ActiveCfg = Debug|Any CPU
		{C51ACE88-2DA9-4FE5-B108-A1890CE9C0FE}.Debug|x64.Build.0 = Debug|Any CPU
		{C51ACE88-2DA9-4FE5-B108-A1890CE9C0FE}.Debug|x86.ActiveCfg = Debug|Any CPU
		{C51ACE88-2DA9-4FE5-B108-A1890CE9C0FE}.Debug|x86.Build.0 = Debug|Any CPU
		{C51ACE88-2DA9-4FE5-B108-A1890CE9C0FE}.Release|Any CPU.ActiveCfg = Release|Any CPU
		{C51ACE88-2DA9-4FE5-B108-A1890CE9C0FE}.Release|Any CPU.Build.0 = Release|Any CPU
		{C51ACE88-2DA9-4FE5-B108-A1890CE9C0FE}.Release|x64.ActiveCfg = Release|Any CPU
		{C51ACE88-2DA9-4FE5-B108-A1890CE9C0FE}.Release|x64.Build.0 = Release|Any CPU
		{C51ACE88-2DA9-4FE5-B108-A1890CE9C0FE}.Release|x86.ActiveCfg = Release|Any CPU
		{C51ACE88-2DA9-4FE5-B108-A1890CE9C0FE}.Release|x86.Build.0 = Release|Any CPU
		{71358430-2E58-446E-81B1-883934350AB8}.Debug|Any CPU.ActiveCfg = Debug|Any CPU
		{71358430-2E58-446E-81B1-883934350AB8}.Debug|Any CPU.Build.0 = Debug|Any CPU
		{71358430-2E58-446E-81B1-883934350AB8}.Debug|x64.ActiveCfg = Debug|Any CPU
		{71358430-2E58-446E-81B1-883934350AB8}.Debug|x64.Build.0 = Debug|Any CPU
		{71358430-2E58-446E-81B1-883934350AB8}.Debug|x86.ActiveCfg = Debug|Any CPU
		{71358430-2E58-446E-81B1-883934350AB8}.Debug|x86.Build.0 = Debug|Any CPU
		{71358430-2E58-446E-81B1-883934350AB8}.Release|Any CPU.ActiveCfg = Release|Any CPU
		{71358430-2E58-446E-81B1-883934350AB8}.Release|Any CPU.Build.0 = Release|Any CPU
		{71358430-2E58-446E-81B1-883934350AB8}.Release|x64.ActiveCfg = Release|Any CPU
		{71358430-2E58-446E-81B1-883934350AB8}.Release|x64.Build.0 = Release|Any CPU
		{71358430-2E58-446E-81B1-883934350AB8}.Release|x86.ActiveCfg = Release|Any CPU
		{71358430-2E58-446E-81B1-883934350AB8}.Release|x86.Build.0 = Release|Any CPU
	EndGlobalSection
EndGlobal
